
Microsoft Visual Studio Solution File, Format Version 12.00
# Visual Studio 15
VisualStudioVersion = 15.0.27130.2010
MinimumVisualStudioVersion = 10.0.40219.1
Project("{9A19103F-16F7-4668-BE54-9A1E7A4F7556}") = "GamePoll.Api", "GamePoll.Api\GamePoll.Api.csproj", "{E0F13037-9DC8-488A-AD74-AF54BCB4D706}"
EndProject
Project("{9A19103F-16F7-4668-BE54-9A1E7A4F7556}") = "GamePoll.Core", "GamePoll.Core\GamePoll.Core.csproj", "{F096465A-C5E5-47B6-90E4-33F3BA4715CD}"
EndProject
Project("{00D1A9C2-B5F0-4AF3-8072-F6C62B433612}") = "GamePoll.Database", "GamePoll.Database\GamePoll.Database.sqlproj", "{0C9D0CB7-EE98-4335-BF9E-032C53B44003}"
EndProject
Global
	GlobalSection(SolutionConfigurationPlatforms) = preSolution
		Debug|Any CPU = Debug|Any CPU
		Release|Any CPU = Release|Any CPU
	EndGlobalSection
	GlobalSection(ProjectConfigurationPlatforms) = postSolution
		{E0F13037-9DC8-488A-AD74-AF54BCB4D706}.Debug|Any CPU.ActiveCfg = Debug|Any CPU
		{E0F13037-9DC8-488A-AD74-AF54BCB4D706}.Debug|Any CPU.Build.0 = Debug|Any CPU
		{E0F13037-9DC8-488A-AD74-AF54BCB4D706}.Release|Any CPU.ActiveCfg = Release|Any CPU
		{E0F13037-9DC8-488A-AD74-AF54BCB4D706}.Release|Any CPU.Build.0 = Release|Any CPU
		{F096465A-C5E5-47B6-90E4-33F3BA4715CD}.Debug|Any CPU.ActiveCfg = Debug|Any CPU
		{F096465A-C5E5-47B6-90E4-33F3BA4715CD}.Debug|Any CPU.Build.0 = Debug|Any CPU
		{F096465A-C5E5-47B6-90E4-33F3BA4715CD}.Release|Any CPU.ActiveCfg = Release|Any CPU
		{F096465A-C5E5-47B6-90E4-33F3BA4715CD}.Release|Any CPU.Build.0 = Release|Any CPU
		{0C9D0CB7-EE98-4335-BF9E-032C53B44003}.Debug|Any CPU.ActiveCfg = Debug|Any CPU
		{0C9D0CB7-EE98-4335-BF9E-032C53B44003}.Debug|Any CPU.Build.0 = Debug|Any CPU
		{0C9D0CB7-EE98-4335-BF9E-032C53B44003}.Debug|Any CPU.Deploy.0 = Debug|Any CPU
		{0C9D0CB7-EE98-4335-BF9E-032C53B44003}.Release|Any CPU.ActiveCfg = Release|Any CPU
		{0C9D0CB7-EE98-4335-BF9E-032C53B44003}.Release|Any CPU.Build.0 = Release|Any CPU
		{0C9D0CB7-EE98-4335-BF9E-032C53B44003}.Release|Any CPU.Deploy.0 = Release|Any CPU
	EndGlobalSection
	GlobalSection(SolutionProperties) = preSolution
		HideSolutionNode = FALSE
	EndGlobalSection
	GlobalSection(ExtensibilityGlobals) = postSolution
		SolutionGuid = {4D841EBC-1D83-40EA-85A2-73B0612E1D02}
	EndGlobalSection
EndGlobal
